version: 5
environments:
  default:
    channels:
    - url: https://conda.anaconda.org/conda-forge/
    packages:
      linux-aarch64:
      - conda: https://conda.anaconda.org/conda-forge/linux-aarch64/_openmp_mutex-4.5-2_gnu.tar.bz2
      - conda: https://conda.anaconda.org/conda-forge/noarch/aniso8601-9.0.1-pyhd8ed1ab_0.tar.bz2
      - conda: https://conda.anaconda.org/conda-forge/noarch/blinker-1.8.2-pyhd8ed1ab_0.conda
      - conda: https://conda.anaconda.org/conda-forge/linux-aarch64/bzip2-1.0.8-h31becfc_5.conda
      - conda: https://conda.anaconda.org/conda-forge/linux-aarch64/ca-certificates-2024.7.4-hcefe29a_0.conda
      - conda: https://conda.anaconda.org/conda-forge/noarch/click-8.1.7-unix_pyh707e725_0.conda
      - conda: https://conda.anaconda.org/conda-forge/noarch/flask-3.0.3-pyhd8ed1ab_0.conda
      - conda: https://conda.anaconda.org/conda-forge/noarch/flask-jwt-extended-4.6.0-pyhd8ed1ab_0.conda
      - conda: https://conda.anaconda.org/conda-forge/noarch/flask-restful-0.3.10-pyhd8ed1ab_0.conda
      - conda: https://conda.anaconda.org/conda-forge/noarch/flask-sqlalchemy-3.1.1-pyhd8ed1ab_0.conda
      - conda: https://conda.anaconda.org/conda-forge/linux-aarch64/greenlet-3.0.3-py312h2aa54b4_0.conda
      - conda: https://conda.anaconda.org/conda-forge/noarch/importlib-metadata-8.0.0-pyha770c72_0.conda
      - conda: https://conda.anaconda.org/conda-forge/noarch/itsdangerous-2.2.0-pyhd8ed1ab_0.conda
      - conda: https://conda.anaconda.org/conda-forge/noarch/jinja2-3.1.4-pyhd8ed1ab_0.conda
      - conda: https://conda.anaconda.org/conda-forge/linux-aarch64/ld_impl_linux-aarch64-2.40-h9fc2d93_7.conda
      - conda: https://conda.anaconda.org/conda-forge/linux-aarch64/libexpat-2.6.2-h2f0025b_0.conda
      - conda: https://conda.anaconda.org/conda-forge/linux-aarch64/libffi-3.4.2-h3557bc0_5.tar.bz2
      - conda: https://conda.anaconda.org/conda-forge/linux-aarch64/libgcc-ng-14.1.0-he277a41_0.conda
      - conda: https://conda.anaconda.org/conda-forge/linux-aarch64/libgomp-14.1.0-he277a41_0.conda
      - conda: https://conda.anaconda.org/conda-forge/linux-aarch64/libnsl-2.0.1-h31becfc_0.conda
      - conda: https://conda.anaconda.org/conda-forge/linux-aarch64/libsqlite-3.46.0-hf51ef55_0.conda
      - conda: https://conda.anaconda.org/conda-forge/linux-aarch64/libstdcxx-ng-14.1.0-h3f4de04_0.conda
      - conda: https://conda.anaconda.org/conda-forge/linux-aarch64/libuuid-2.38.1-hb4cce97_0.conda
      - conda: https://conda.anaconda.org/conda-forge/linux-aarch64/libxcrypt-4.4.36-h31becfc_1.conda
      - conda: https://conda.anaconda.org/conda-forge/linux-aarch64/libzlib-1.3.1-h68df207_1.conda
      - conda: https://conda.anaconda.org/conda-forge/linux-aarch64/markupsafe-2.1.5-py312h9ef2f89_0.conda
      - conda: https://conda.anaconda.org/conda-forge/linux-aarch64/ncurses-6.5-h0425590_0.conda
      - conda: https://conda.anaconda.org/conda-forge/linux-aarch64/openssl-3.3.1-h68df207_1.conda
      - conda: https://conda.anaconda.org/conda-forge/noarch/pyjwt-2.8.0-pyhd8ed1ab_1.conda
      - conda: https://conda.anaconda.org/conda-forge/linux-aarch64/python-3.12.4-h829453d_0_cpython.conda
      - conda: https://conda.anaconda.org/conda-forge/noarch/python-dateutil-2.9.0-pyhd8ed1ab_0.conda
      - conda: https://conda.anaconda.org/conda-forge/linux-aarch64/python_abi-3.12-4_cp312.conda
      - conda: https://conda.anaconda.org/conda-forge/noarch/pytz-2024.1-pyhd8ed1ab_0.conda
      - conda: https://conda.anaconda.org/conda-forge/linux-aarch64/pyyaml-6.0.1-py312hdd3e373_1.conda
      - conda: https://conda.anaconda.org/conda-forge/linux-aarch64/readline-8.2-h8fc344f_1.conda
      - conda: https://conda.anaconda.org/conda-forge/noarch/six-1.16.0-pyh6c4a22f_0.tar.bz2
      - conda: https://conda.anaconda.org/conda-forge/linux-aarch64/sqlalchemy-2.0.31-py312h5adff4d_0.conda
      - conda: https://conda.anaconda.org/conda-forge/linux-aarch64/tk-8.6.13-h194ca79_0.conda
      - conda: https://conda.anaconda.org/conda-forge/noarch/typing-extensions-4.12.2-hd8ed1ab_0.conda
      - conda: https://conda.anaconda.org/conda-forge/noarch/typing_extensions-4.12.2-pyha770c72_0.conda
      - conda: https://conda.anaconda.org/conda-forge/noarch/tzdata-2024a-h0c530f3_0.conda
      - conda: https://conda.anaconda.org/conda-forge/noarch/waitress-3.0.0-pyhd8ed1ab_0.conda
      - conda: https://conda.anaconda.org/conda-forge/noarch/werkzeug-3.0.3-pyhd8ed1ab_0.conda
      - conda: https://conda.anaconda.org/conda-forge/linux-aarch64/xz-5.2.6-h9cdd2b7_0.tar.bz2
      - conda: https://conda.anaconda.org/conda-forge/linux-aarch64/yaml-0.2.5-hf897c2e_2.tar.bz2
      - conda: https://conda.anaconda.org/conda-forge/noarch/zipp-3.19.2-pyhd8ed1ab_0.conda
      osx-arm64:
      - conda: https://conda.anaconda.org/conda-forge/noarch/aniso8601-9.0.1-pyhd8ed1ab_0.tar.bz2
      - conda: https://conda.anaconda.org/conda-forge/noarch/blinker-1.8.2-pyhd8ed1ab_0.conda
      - conda: https://conda.anaconda.org/conda-forge/osx-arm64/bzip2-1.0.8-h93a5062_5.conda
      - conda: https://conda.anaconda.org/conda-forge/osx-arm64/ca-certificates-2024.7.4-hf0a4a13_0.conda
      - conda: https://conda.anaconda.org/conda-forge/noarch/click-8.1.7-unix_pyh707e725_0.conda
      - conda: https://conda.anaconda.org/conda-forge/noarch/flask-3.0.3-pyhd8ed1ab_0.conda
      - conda: https://conda.anaconda.org/conda-forge/noarch/flask-jwt-extended-4.6.0-pyhd8ed1ab_0.conda
      - conda: https://conda.anaconda.org/conda-forge/noarch/flask-restful-0.3.10-pyhd8ed1ab_0.conda
      - conda: https://conda.anaconda.org/conda-forge/noarch/flask-sqlalchemy-3.1.1-pyhd8ed1ab_0.conda
      - conda: https://conda.anaconda.org/conda-forge/osx-arm64/greenlet-3.0.3-py312h20a0b95_0.conda
      - conda: https://conda.anaconda.org/conda-forge/noarch/importlib-metadata-8.0.0-pyha770c72_0.conda
      - conda: https://conda.anaconda.org/conda-forge/noarch/itsdangerous-2.2.0-pyhd8ed1ab_0.conda
      - conda: https://conda.anaconda.org/conda-forge/noarch/jinja2-3.1.4-pyhd8ed1ab_0.conda
      - conda: https://conda.anaconda.org/conda-forge/osx-arm64/libcxx-18.1.8-h167917d_0.conda
      - conda: https://conda.anaconda.org/conda-forge/osx-arm64/libexpat-2.6.2-hebf3989_0.conda
      - conda: https://conda.anaconda.org/conda-forge/osx-arm64/libffi-3.4.2-h3422bc3_5.tar.bz2
      - conda: https://conda.anaconda.org/conda-forge/osx-arm64/libsqlite-3.46.0-hfb93653_0.conda
      - conda: https://conda.anaconda.org/conda-forge/osx-arm64/libzlib-1.3.1-hfb2fe0b_1.conda
      - conda: https://conda.anaconda.org/conda-forge/osx-arm64/markupsafe-2.1.5-py312he37b823_0.conda
      - conda: https://conda.anaconda.org/conda-forge/osx-arm64/ncurses-6.5-hb89a1cb_0.conda
      - conda: https://conda.anaconda.org/conda-forge/osx-arm64/openssl-3.3.1-hfb2fe0b_1.conda
      - conda: https://conda.anaconda.org/conda-forge/noarch/pyjwt-2.8.0-pyhd8ed1ab_1.conda
      - conda: https://conda.anaconda.org/conda-forge/osx-arm64/python-3.12.4-h30c5eda_0_cpython.conda
      - conda: https://conda.anaconda.org/conda-forge/noarch/python-dateutil-2.9.0-pyhd8ed1ab_0.conda
      - conda: https://conda.anaconda.org/conda-forge/osx-arm64/python_abi-3.12-4_cp312.conda
      - conda: https://conda.anaconda.org/conda-forge/noarch/pytz-2024.1-pyhd8ed1ab_0.conda
      - conda: https://conda.anaconda.org/conda-forge/osx-arm64/pyyaml-6.0.1-py312h02f2b3b_1.conda
      - conda: https://conda.anaconda.org/conda-forge/osx-arm64/readline-8.2-h92ec313_1.conda
      - conda: https://conda.anaconda.org/conda-forge/noarch/six-1.16.0-pyh6c4a22f_0.tar.bz2
      - conda: https://conda.anaconda.org/conda-forge/osx-arm64/sqlalchemy-2.0.31-py312h7e5086c_0.conda
      - conda: https://conda.anaconda.org/conda-forge/osx-arm64/tk-8.6.13-h5083fa2_1.conda
      - conda: https://conda.anaconda.org/conda-forge/noarch/typing-extensions-4.12.2-hd8ed1ab_0.conda
      - conda: https://conda.anaconda.org/conda-forge/noarch/typing_extensions-4.12.2-pyha770c72_0.conda
      - conda: https://conda.anaconda.org/conda-forge/noarch/tzdata-2024a-h0c530f3_0.conda
      - conda: https://conda.anaconda.org/conda-forge/noarch/waitress-3.0.0-pyhd8ed1ab_0.conda
      - conda: https://conda.anaconda.org/conda-forge/noarch/werkzeug-3.0.3-pyhd8ed1ab_0.conda
      - conda: https://conda.anaconda.org/conda-forge/osx-arm64/xz-5.2.6-h57fd34a_0.tar.bz2
      - conda: https://conda.anaconda.org/conda-forge/osx-arm64/yaml-0.2.5-h3422bc3_2.tar.bz2
      - conda: https://conda.anaconda.org/conda-forge/noarch/zipp-3.19.2-pyhd8ed1ab_0.conda
packages:
- kind: conda
  name: _openmp_mutex
  version: '4.5'
  build: 2_gnu
  build_number: 16
  subdir: linux-aarch64
  url: https://conda.anaconda.org/conda-forge/linux-aarch64/_openmp_mutex-4.5-2_gnu.tar.bz2
  sha256: 3702bef2f0a4d38bd8288bbe54aace623602a1343c2cfbefd3fa188e015bebf0
  md5: 6168d71addc746e8f2b8d57dfd2edcea
  depends:
  - libgomp >=7.5.0
  constrains:
  - openmp_impl 9999
  license: BSD-3-Clause
  license_family: BSD
  size: 23712
  timestamp: 1650670790230
- kind: conda
  name: aniso8601
  version: 9.0.1
  build: pyhd8ed1ab_0
  subdir: noarch
  noarch: python
  url: https://conda.anaconda.org/conda-forge/noarch/aniso8601-9.0.1-pyhd8ed1ab_0.tar.bz2
  sha256: 201c040b6ee0045805a777f75f37a8648eb8dfd4725d62a4fcddc24d7d6c2a9f
  md5: 36fba1a639f2d24723c5480345b78553
  depends:
  - python >=2.7
  - python-dateutil
  license: BSD-3-Clause
  license_family: BSD
  size: 38716
  timestamp: 1618789622646
- kind: conda
  name: blinker
  version: 1.8.2
  build: pyhd8ed1ab_0
  subdir: noarch
  noarch: python
  url: https://conda.anaconda.org/conda-forge/noarch/blinker-1.8.2-pyhd8ed1ab_0.conda
  sha256: 8ca3cd8f78d0607df28c9f76adb9800348f8f2dc8aa49d188a995a0acdc4477d
  md5: cf85c002319c15e9721934104aaa1137
  depends:
  - python >=3.8
  license: MIT
  license_family: MIT
  size: 14707
  timestamp: 1715091300511
- kind: conda
  name: bzip2
  version: 1.0.8
  build: h31becfc_5
  build_number: 5
  subdir: linux-aarch64
  url: https://conda.anaconda.org/conda-forge/linux-aarch64/bzip2-1.0.8-h31becfc_5.conda
  sha256: b9f170990625cb1eeefaca02e091dc009a64264b077166d8ed7aeb7a09e923b0
  md5: a64e35f01e0b7a2a152eca87d33b9c87
  depends:
  - libgcc-ng >=12
  license: bzip2-1.0.6
  license_family: BSD
  size: 189668
  timestamp: 1699280060686
- kind: conda
  name: bzip2
  version: 1.0.8
  build: h93a5062_5
  build_number: 5
  subdir: osx-arm64
  url: https://conda.anaconda.org/conda-forge/osx-arm64/bzip2-1.0.8-h93a5062_5.conda
  sha256: bfa84296a638bea78a8bb29abc493ee95f2a0218775642474a840411b950fe5f
  md5: 1bbc659ca658bfd49a481b5ef7a0f40f
  license: bzip2-1.0.6
  license_family: BSD
  size: 122325
  timestamp: 1699280294368
- kind: conda
  name: ca-certificates
  version: 2024.7.4
  build: hcefe29a_0
  subdir: linux-aarch64
  url: https://conda.anaconda.org/conda-forge/linux-aarch64/ca-certificates-2024.7.4-hcefe29a_0.conda
  sha256: 562bfc2608d82996a08e5b5b2366ed319a51ace6a2518a004ba672edca75fc23
  md5: c4c784a1336d72fff54f6b207f3dd75f
  license: ISC
  size: 154904
  timestamp: 1720078197019
- kind: conda
  name: ca-certificates
  version: 2024.7.4
  build: hf0a4a13_0
  subdir: osx-arm64
  url: https://conda.anaconda.org/conda-forge/osx-arm64/ca-certificates-2024.7.4-hf0a4a13_0.conda
  sha256: 33a61116dae7f369b6ce92a7f2a1ff361ae737c675a493b11feb5570b89e0e3b
  md5: 21f9a33e5fe996189e470c19c5354dbe
  license: ISC
  size: 154517
  timestamp: 1720077468981
- kind: conda
  name: click
  version: 8.1.7
  build: unix_pyh707e725_0
  subdir: noarch
  noarch: python
  url: https://conda.anaconda.org/conda-forge/noarch/click-8.1.7-unix_pyh707e725_0.conda
  sha256: f0016cbab6ac4138a429e28dbcb904a90305b34b3fe41a9b89d697c90401caec
  md5: f3ad426304898027fc619827ff428eca
  depends:
  - __unix
  - python >=3.8
  license: BSD-3-Clause
  license_family: BSD
  size: 84437
  timestamp: 1692311973840
- kind: conda
  name: flask
  version: 3.0.3
  build: pyhd8ed1ab_0
  subdir: noarch
  noarch: python
  url: https://conda.anaconda.org/conda-forge/noarch/flask-3.0.3-pyhd8ed1ab_0.conda
  sha256: 2fc508f656fe52cb2f9a69c9c62077934d6a81510256dbe85f95beb7d9620238
  md5: dcdb937144fa20d7757bf512db1ea769
  depends:
  - blinker >=1.6.2
  - click >=8.1.3
  - importlib-metadata >=3.6.0
  - itsdangerous >=2.1.2
  - jinja2 >=3.1.2
  - python >=3.8
  - werkzeug >=3.0.0
  license: BSD-3-Clause
  license_family: BSD
  size: 80797
  timestamp: 1712667841142
- kind: conda
  name: flask-jwt-extended
  version: 4.6.0
  build: pyhd8ed1ab_0
  subdir: noarch
  noarch: python
  url: https://conda.anaconda.org/conda-forge/noarch/flask-jwt-extended-4.6.0-pyhd8ed1ab_0.conda
  sha256: 94920bfe9538b919c903a7f8abc8954bdf49b6494e50df2a7d8e5b45ce2ad72d
  md5: 3a362c7ff1798c54f2f0a91e6cb20e0c
  depends:
  - flask >=2.0,<4.0
  - pyjwt >=2.0,<3.0
  - python >=3.6
  - typing_extensions >=3.7.4
  - werkzeug >=0.14
  license: MIT
  license_family: MIT
  size: 24368
  timestamp: 1702472104975
- kind: conda
  name: flask-restful
  version: 0.3.10
  build: pyhd8ed1ab_0
  subdir: noarch
  noarch: python
  url: https://conda.anaconda.org/conda-forge/noarch/flask-restful-0.3.10-pyhd8ed1ab_0.conda
  sha256: c12996f3121d30328738ab93cba911a0a0bfeb2078741db5d415cf03d07324dc
  md5: f46d789299b3fdb3a8dd89a7048c6484
  depends:
  - aniso8601 >=0.82
  - flask >=0.8
  - python >=3.6
  - pytz
  - six >=1.3.0
  license: BSD-3-Clause
  license_family: BSD
  size: 29283
  timestamp: 1684644166805
- kind: conda
  name: flask-sqlalchemy
  version: 3.1.1
  build: pyhd8ed1ab_0
  subdir: noarch
  noarch: python
  url: https://conda.anaconda.org/conda-forge/noarch/flask-sqlalchemy-3.1.1-pyhd8ed1ab_0.conda
  sha256: 77d907f968cea771c3edffd28ca6e288c0240e049282e2db4e9edcceaf8780b1
  md5: 637f23e71eea48258105b5da07d05047
  depends:
  - flask >=2.2.5
  - python >=3.8
  - sqlalchemy >=2.0.16
  license: BSD-3-Clause
  license_family: BSD
  size: 26071
  timestamp: 1719325726809
- kind: conda
  name: greenlet
  version: 3.0.3
  build: py312h20a0b95_0
  subdir: osx-arm64
  url: https://conda.anaconda.org/conda-forge/osx-arm64/greenlet-3.0.3-py312h20a0b95_0.conda
  sha256: d0e871c78eaaace5461ba4ce7e08546f7368840fa98cab91d705f246cc3b2b98
  md5: 92ca171dcc49aadb06ac7d1d68238633
  depends:
  - libcxx >=15
  - python >=3.12,<3.13.0a0
  - python >=3.12,<3.13.0a0 *_cpython
  - python_abi 3.12.* *_cp312
  license: MIT
  license_family: MIT
  size: 222406
  timestamp: 1703202114603
- kind: conda
  name: greenlet
  version: 3.0.3
  build: py312h2aa54b4_0
  subdir: linux-aarch64
  url: https://conda.anaconda.org/conda-forge/linux-aarch64/greenlet-3.0.3-py312h2aa54b4_0.conda
  sha256: f7e92730751510be702896a047cef3744587099cfe031de491f9ecb83f5465ff
  md5: 68e5a7d27bbe600bc098175e25509351
  depends:
  - libgcc-ng >=12
  - libstdcxx-ng >=12
  - python >=3.12,<3.13.0a0
  - python >=3.12,<3.13.0a0 *_cpython
  - python_abi 3.12.* *_cp312
  license: MIT
  license_family: MIT
  size: 234135
  timestamp: 1703201838613
- kind: conda
  name: importlib-metadata
  version: 8.0.0
  build: pyha770c72_0
  subdir: noarch
  noarch: python
  url: https://conda.anaconda.org/conda-forge/noarch/importlib-metadata-8.0.0-pyha770c72_0.conda
  sha256: e40d7e71c37ec95df9a19d39f5bb7a567c325be3ccde06290a71400aab719cac
  md5: 3286556cdd99048d198f72c3f6f69103
  depends:
  - python >=3.8
  - zipp >=0.5
  license: Apache-2.0
  license_family: APACHE
  size: 27367
  timestamp: 1719361971438
- kind: conda
  name: itsdangerous
  version: 2.2.0
  build: pyhd8ed1ab_0
  subdir: noarch
  noarch: python
  url: https://conda.anaconda.org/conda-forge/noarch/itsdangerous-2.2.0-pyhd8ed1ab_0.conda
  sha256: 4e933e36e9b0401b62ea8fd63393827ebeb4250de77a56687afb387d504523c5
  md5: ff7ca04134ee8dde1d7cf491a78ef7c7
  depends:
  - python >=3.8
  license: BSD-3-Clause
  license_family: BSD
  size: 19333
  timestamp: 1713372766463
- kind: conda
  name: jinja2
  version: 3.1.4
  build: pyhd8ed1ab_0
  subdir: noarch
  noarch: python
  url: https://conda.anaconda.org/conda-forge/noarch/jinja2-3.1.4-pyhd8ed1ab_0.conda
  sha256: 27380d870d42d00350d2d52598cddaf02f9505fb24be09488da0c9b8d1428f2d
  md5: 7b86ecb7d3557821c649b3c31e3eb9f2
  depends:
  - markupsafe >=2.0
  - python >=3.7
  license: BSD-3-Clause
  license_family: BSD
  size: 111565
  timestamp: 1715127275924
- kind: conda
  name: ld_impl_linux-aarch64
  version: '2.40'
  build: h9fc2d93_7
  build_number: 7
  subdir: linux-aarch64
  url: https://conda.anaconda.org/conda-forge/linux-aarch64/ld_impl_linux-aarch64-2.40-h9fc2d93_7.conda
  sha256: 4a6c0bd77e125da8472bd73bba7cd4169a3ce4699b00a3893026ae8664b2387d
  md5: 1b0feef706f4d03eff0b76626ead64fc
  constrains:
  - binutils_impl_linux-aarch64 2.40
  license: GPL-3.0-only
  license_family: GPL
  size: 735885
  timestamp: 1718625653417
- kind: conda
  name: libcxx
  version: 18.1.8
  build: h167917d_0
  subdir: osx-arm64
  url: https://conda.anaconda.org/conda-forge/osx-arm64/libcxx-18.1.8-h167917d_0.conda
  sha256: a598062f2d1522fc3727c16620fbc2bc913c1069342671428a92fcf4eb02ec12
  md5: c891c2eeabd7d67fbc38e012cc6045d6
  depends:
  - __osx >=11.0
  license: Apache-2.0 WITH LLVM-exception
  license_family: Apache
  size: 1219441
  timestamp: 1720589623297
- kind: conda
  name: libexpat
  version: 2.6.2
  build: h2f0025b_0
  subdir: linux-aarch64
  url: https://conda.anaconda.org/conda-forge/linux-aarch64/libexpat-2.6.2-h2f0025b_0.conda
  sha256: 07453df3232a649f39fb4d1e68cfe1c78c3457764f85225f6f3ccd1bdd9818a4
  md5: 1b9f46b804a2c3c5d7fd6a80b77c35f9
  depends:
  - libgcc-ng >=12
  constrains:
  - expat 2.6.2.*
  license: MIT
  license_family: MIT
  size: 72544
  timestamp: 1710362309065
- kind: conda
  name: libexpat
  version: 2.6.2
  build: hebf3989_0
  subdir: osx-arm64
  url: https://conda.anaconda.org/conda-forge/osx-arm64/libexpat-2.6.2-hebf3989_0.conda
  sha256: ba7173ac30064ea901a4c9fb5a51846dcc25512ceb565759be7d18cbf3e5415e
  md5: e3cde7cfa87f82f7cb13d482d5e0ad09
  constrains:
  - expat 2.6.2.*
  license: MIT
  license_family: MIT
  size: 63655
  timestamp: 1710362424980
- kind: conda
  name: libffi
  version: 3.4.2
  build: h3422bc3_5
  build_number: 5
  subdir: osx-arm64
  url: https://conda.anaconda.org/conda-forge/osx-arm64/libffi-3.4.2-h3422bc3_5.tar.bz2
  sha256: 41b3d13efb775e340e4dba549ab5c029611ea6918703096b2eaa9c015c0750ca
  md5: 086914b672be056eb70fd4285b6783b6
  license: MIT
  license_family: MIT
  size: 39020
  timestamp: 1636488587153
- kind: conda
  name: libffi
  version: 3.4.2
  build: h3557bc0_5
  build_number: 5
  subdir: linux-aarch64
  url: https://conda.anaconda.org/conda-forge/linux-aarch64/libffi-3.4.2-h3557bc0_5.tar.bz2
  sha256: 7e9258a102480757fe3faeb225a3ca04dffd10fecd2a958c65cdb4cdf75f2c3c
  md5: dddd85f4d52121fab0a8b099c5e06501
  depends:
  - libgcc-ng >=9.4.0
  license: MIT
  license_family: MIT
  size: 59450
  timestamp: 1636488255090
- kind: conda
  name: libgcc-ng
  version: 14.1.0
  build: he277a41_0
  subdir: linux-aarch64
  url: https://conda.anaconda.org/conda-forge/linux-aarch64/libgcc-ng-14.1.0-he277a41_0.conda
  sha256: b9ca03216bc089c0c46f008bc6f447bc0df8dc826d9801fb4283e49fa89c877e
  md5: 47ecd1292a3fd78b616640b35dd9632c
  depends:
  - _openmp_mutex >=4.5
  constrains:
  - libgomp 14.1.0 he277a41_0
  license: GPL-3.0-only WITH GCC-exception-3.1
  license_family: GPL
  size: 532273
  timestamp: 1719547536460
- kind: conda
  name: libgomp
  version: 14.1.0
  build: he277a41_0
  subdir: linux-aarch64
  url: https://conda.anaconda.org/conda-forge/linux-aarch64/libgomp-14.1.0-he277a41_0.conda
  sha256: 11f326e49e0fb92c2a52e870c029fc26b4b6d3eb9414fa4374cb8496b231a730
  md5: 434ccc943b843117e4cebc97265f2504
  license: GPL-3.0-only WITH GCC-exception-3.1
  license_family: GPL
  size: 459535
  timestamp: 1719547432949
- kind: conda
  name: libnsl
  version: 2.0.1
  build: h31becfc_0
  subdir: linux-aarch64
  url: https://conda.anaconda.org/conda-forge/linux-aarch64/libnsl-2.0.1-h31becfc_0.conda
  sha256: fd18c2b75d7411096428d36a70b36b1a17e31f7b8956b6905d145792d49e97f8
  md5: c14f32510f694e3185704d89967ec422
  depends:
  - libgcc-ng >=12
  license: LGPL-2.1-only
  license_family: GPL
  size: 34501
  timestamp: 1697358973269
- kind: conda
  name: libsqlite
  version: 3.46.0
  build: hf51ef55_0
  subdir: linux-aarch64
  url: https://conda.anaconda.org/conda-forge/linux-aarch64/libsqlite-3.46.0-hf51ef55_0.conda
  sha256: 7b48d006be6cd089105687fb524a2c93c4218bfc398d0611340cafec55249977
  md5: a8ae63fd6fb7d007f74ef3df95e5edf3
  depends:
  - libgcc-ng >=12
  - libzlib >=1.2.13,<2.0a0
  license: Unlicense
  size: 1043861
  timestamp: 1718050586624
- kind: conda
  name: libsqlite
  version: 3.46.0
  build: hfb93653_0
  subdir: osx-arm64
  url: https://conda.anaconda.org/conda-forge/osx-arm64/libsqlite-3.46.0-hfb93653_0.conda
  sha256: 73048f9cb8647d3d3bfe6021c0b7d663e12cffbe9b4f31bd081e713b0a9ad8f9
  md5: 12300188028c9bc02da965128b91b517
  depends:
  - __osx >=11.0
  - libzlib >=1.2.13,<2.0a0
  license: Unlicense
  size: 830198
  timestamp: 1718050644825
- kind: conda
  name: libstdcxx-ng
  version: 14.1.0
  build: h3f4de04_0
  subdir: linux-aarch64
  url: https://conda.anaconda.org/conda-forge/linux-aarch64/libstdcxx-ng-14.1.0-h3f4de04_0.conda
  sha256: 4f2f35b78258d1a1e56b1b0e61091862c10ec76bf67ca1b0ff99dd5e07e76271
  md5: 2f84852b723ac4389eb188db695526bb
  depends:
  - libgcc-ng 14.1.0 he277a41_0
  license: GPL-3.0-only WITH GCC-exception-3.1
  license_family: GPL
  size: 3805250
  timestamp: 1719547563542
- kind: conda
  name: libuuid
  version: 2.38.1
  build: hb4cce97_0
  subdir: linux-aarch64
  url: https://conda.anaconda.org/conda-forge/linux-aarch64/libuuid-2.38.1-hb4cce97_0.conda
  sha256: 616277b0c5f7616c2cdf36f6c316ea3f9aa5bb35f2d4476a349ab58b9b91675f
  md5: 000e30b09db0b7c775b21695dff30969
  depends:
  - libgcc-ng >=12
  license: BSD-3-Clause
  license_family: BSD
  size: 35720
  timestamp: 1680113474501
- kind: conda
  name: libxcrypt
  version: 4.4.36
  build: h31becfc_1
  build_number: 1
  subdir: linux-aarch64
  url: https://conda.anaconda.org/conda-forge/linux-aarch64/libxcrypt-4.4.36-h31becfc_1.conda
  sha256: 6b46c397644091b8a26a3048636d10b989b1bf266d4be5e9474bf763f828f41f
  md5: b4df5d7d4b63579d081fd3a4cf99740e
  depends:
  - libgcc-ng >=12
  license: LGPL-2.1-or-later
  size: 114269
  timestamp: 1702724369203
- kind: conda
  name: libzlib
  version: 1.3.1
  build: h68df207_1
  build_number: 1
  subdir: linux-aarch64
  url: https://conda.anaconda.org/conda-forge/linux-aarch64/libzlib-1.3.1-h68df207_1.conda
  sha256: 0d6dfd1e36e10c205ff1fdcf42d42289ff0f50be7a4eaa7b34f086a5e22a0734
  md5: b13fb82f88902e34dd0638cd7d378c21
  depends:
  - libgcc-ng >=12
  constrains:
  - zlib 1.3.1 *_1
  license: Zlib
  license_family: Other
  size: 67199
  timestamp: 1716874136348
- kind: conda
  name: libzlib
  version: 1.3.1
  build: hfb2fe0b_1
  build_number: 1
  subdir: osx-arm64
  url: https://conda.anaconda.org/conda-forge/osx-arm64/libzlib-1.3.1-hfb2fe0b_1.conda
  sha256: c34365dd37b0eab27b9693af32a1f7f284955517c2cc91f1b88a7ef4738ff03e
  md5: 636077128927cf79fd933276dc3aed47
  depends:
  - __osx >=11.0
  constrains:
  - zlib 1.3.1 *_1
  license: Zlib
  license_family: Other
  size: 46921
  timestamp: 1716874262512
- kind: conda
  name: markupsafe
  version: 2.1.5
  build: py312h9ef2f89_0
  subdir: linux-aarch64
  url: https://conda.anaconda.org/conda-forge/linux-aarch64/markupsafe-2.1.5-py312h9ef2f89_0.conda
  sha256: dbd85f5230b69165fe9d1e66ed60ae697da314ed041f485be09b8c1fbcc7af3a
  md5: a00135adde3dfe19b9962c3c767c2129
  depends:
  - libgcc-ng >=12
  - python >=3.12,<3.13.0a0
  - python_abi 3.12.* *_cp312
  constrains:
  - jinja2 >=3.0.0
  license: BSD-3-Clause
  license_family: BSD
  size: 27435
  timestamp: 1706901498578
- kind: conda
  name: markupsafe
  version: 2.1.5
  build: py312he37b823_0
  subdir: osx-arm64
  url: https://conda.anaconda.org/conda-forge/osx-arm64/markupsafe-2.1.5-py312he37b823_0.conda
  sha256: 61480b725490f68856dd14e646f51ffc34f77f2c985bd33e3b77c04b2856d97d
  md5: ba3a8f8cf8bbdb81394275b1e1d271da
  depends:
  - python >=3.12,<3.13.0a0
  - python >=3.12,<3.13.0a0 *_cpython
  - python_abi 3.12.* *_cp312
  constrains:
  - jinja2 >=3.0.0
  license: BSD-3-Clause
  license_family: BSD
  size: 26382
  timestamp: 1706900495057
- kind: conda
  name: ncurses
  version: '6.5'
  build: h0425590_0
  subdir: linux-aarch64
  url: https://conda.anaconda.org/conda-forge/linux-aarch64/ncurses-6.5-h0425590_0.conda
  sha256: f8002feaa9e0eb929cd123f1275d8c0b3c6ffb7fd9269b192927009df19dc89e
  md5: 38362af7bfac0efef69675acee564458
  depends:
  - libgcc-ng >=12
  license: X11 AND BSD-3-Clause
  size: 925099
  timestamp: 1715194843316
- kind: conda
  name: ncurses
  version: '6.5'
  build: hb89a1cb_0
  subdir: osx-arm64
  url: https://conda.anaconda.org/conda-forge/osx-arm64/ncurses-6.5-hb89a1cb_0.conda
  sha256: 87d7cf716d9d930dab682cb57b3b8d3a61940b47d6703f3529a155c938a6990a
  md5: b13ad5724ac9ae98b6b4fd87e4500ba4
  license: X11 AND BSD-3-Clause
  size: 795131
  timestamp: 1715194898402
- kind: conda
  name: openssl
  version: 3.3.1
  build: h68df207_1
  build_number: 1
  subdir: linux-aarch64
  url: https://conda.anaconda.org/conda-forge/linux-aarch64/openssl-3.3.1-h68df207_1.conda
  sha256: 6923774922da4e974e561e1603e97d25ea2445b78db709493e72d140183abec2
  md5: 8349df397000d7a7acb514d97879fe09
  depends:
  - ca-certificates
  - libgcc-ng >=12
  constrains:
  - pyopenssl >=22.1
  license: Apache-2.0
  license_family: Apache
  size: 3421944
  timestamp: 1719364110495
- kind: conda
  name: openssl
  version: 3.3.1
  build: hfb2fe0b_1
  build_number: 1
  subdir: osx-arm64
  url: https://conda.anaconda.org/conda-forge/osx-arm64/openssl-3.3.1-hfb2fe0b_1.conda
  sha256: 3ab411856c3bef88595473f0dd86e82de4f913f88319548acf262d5b1175b050
  md5: c665dec48e08311096823956642a501c
  depends:
  - __osx >=11.0
  - ca-certificates
  constrains:
  - pyopenssl >=22.1
  license: Apache-2.0
  license_family: Apache
  size: 2897767
  timestamp: 1719363723462
- kind: conda
  name: pyjwt
  version: 2.8.0
  build: pyhd8ed1ab_1
  build_number: 1
  subdir: noarch
  noarch: python
  url: https://conda.anaconda.org/conda-forge/noarch/pyjwt-2.8.0-pyhd8ed1ab_1.conda
  sha256: d7cb7fbafd767e938db10820c76a9c16d91faf5a081842159cc185787879eb07
  md5: 74f76d4868dbba5870f2cf1d9b12d8f3
  depends:
  - python >=3.7
  constrains:
  - cryptography >=3.3.1
  license: MIT
  license_family: MIT
  size: 24906
  timestamp: 1706895211122
- kind: conda
  name: python
  version: 3.12.4
  build: h30c5eda_0_cpython
  subdir: osx-arm64
  url: https://conda.anaconda.org/conda-forge/osx-arm64/python-3.12.4-h30c5eda_0_cpython.conda
  sha256: 107824b584eb5e43f71df8cb2741019f5c377c734f8309899aa2a6ed53b79a47
  md5: e3e44e0e72aed46dcb810fa3e96784be
  depends:
  - __osx >=11.0
  - bzip2 >=1.0.8,<2.0a0
  - libexpat >=2.6.2,<3.0a0
  - libffi >=3.4,<4.0a0
  - libsqlite >=3.46.0,<4.0a0
  - libzlib >=1.3.1,<2.0a0
  - ncurses >=6.5,<7.0a0
  - openssl >=3.3.1,<4.0a0
  - readline >=8.2,<9.0a0
  - tk >=8.6.13,<8.7.0a0
  - tzdata
  - xz >=5.2.6,<6.0a0
  constrains:
  - python_abi 3.12.* *_cp312
  license: Python-2.0
  size: 12183332
  timestamp: 1718619490228
- kind: conda
  name: python
  version: 3.12.4
  build: h829453d_0_cpython
  subdir: linux-aarch64
  url: https://conda.anaconda.org/conda-forge/linux-aarch64/python-3.12.4-h829453d_0_cpython.conda
  sha256: 21a308f92f6988e1a8169a8d46b43fbd1a6b638d0964d015a4444d7af05f00e1
  md5: 48c28e5926b7c8ffe58f77991a43ca23
  depends:
  - bzip2 >=1.0.8,<2.0a0
  - ld_impl_linux-aarch64 >=2.36.1
  - libexpat >=2.6.2,<3.0a0
  - libffi >=3.4,<4.0a0
  - libgcc-ng >=12
  - libnsl >=2.0.1,<2.1.0a0
  - libsqlite >=3.46.0,<4.0a0
  - libuuid >=2.38.1,<3.0a0
  - libxcrypt >=4.4.36
  - libzlib >=1.3.1,<2.0a0
  - ncurses >=6.5,<7.0a0
  - openssl >=3.3.1,<4.0a0
  - readline >=8.2,<9.0a0
  - tk >=8.6.13,<8.7.0a0
  - tzdata
  - xz >=5.2.6,<6.0a0
  constrains:
  - python_abi 3.12.* *_cp312
  license: Python-2.0
  size: 12642375
  timestamp: 1718618670784
- kind: conda
  name: python-dateutil
  version: 2.9.0
  build: pyhd8ed1ab_0
  subdir: noarch
  noarch: python
  url: https://conda.anaconda.org/conda-forge/noarch/python-dateutil-2.9.0-pyhd8ed1ab_0.conda
  sha256: f3ceef02ac164a8d3a080d0d32f8e2ebe10dd29e3a685d240e38b3599e146320
  md5: 2cf4264fffb9e6eff6031c5b6884d61c
  depends:
  - python >=3.7
  - six >=1.5
  license: Apache-2.0
  license_family: APACHE
  size: 222742
  timestamp: 1709299922152
- kind: conda
  name: python_abi
  version: '3.12'
  build: 4_cp312
  build_number: 4
  subdir: linux-aarch64
  url: https://conda.anaconda.org/conda-forge/linux-aarch64/python_abi-3.12-4_cp312.conda
  sha256: 4f4c3389b722cac9bf39183221332ab69e468351030ec5359042b50c5d975a15
  md5: 6c09f8e580146d88f649780cebed01de
  constrains:
  - python 3.12.* *_cpython
  license: BSD-3-Clause
  license_family: BSD
  size: 6417
  timestamp: 1695147418374
- kind: conda
  name: python_abi
  version: '3.12'
  build: 4_cp312
  build_number: 4
  subdir: osx-arm64
  url: https://conda.anaconda.org/conda-forge/osx-arm64/python_abi-3.12-4_cp312.conda
  sha256: db25428e4f24f8693ffa39f3ff6dfbb8fd53bc298764b775b57edab1c697560f
  md5: bbb3a02c78b2d8219d7213f76d644a2a
  constrains:
  - python 3.12.* *_cpython
  license: BSD-3-Clause
  license_family: BSD
  size: 6508
  timestamp: 1695147497048
- kind: conda
  name: pytz
  version: '2024.1'
  build: pyhd8ed1ab_0
  subdir: noarch
  noarch: python
  url: https://conda.anaconda.org/conda-forge/noarch/pytz-2024.1-pyhd8ed1ab_0.conda
  sha256: 1a7d6b233f7e6e3bbcbad054c8fd51e690a67b129a899a056a5e45dd9f00cb41
  md5: 3eeeeb9e4827ace8c0c1419c85d590ad
  depends:
  - python >=3.7
  license: MIT
  license_family: MIT
  size: 188538
  timestamp: 1706886944988
- kind: conda
  name: pyyaml
  version: 6.0.1
  build: py312h02f2b3b_1
  build_number: 1
  subdir: osx-arm64
  url: https://conda.anaconda.org/conda-forge/osx-arm64/pyyaml-6.0.1-py312h02f2b3b_1.conda
  sha256: b6b4027b89c17b9bbd8089aec3e44bc29f802a7d5668d5a75b5358d7ed9705ca
  md5: a0c843e52a1c4422d8657dd76e9eb994
  depends:
  - python >=3.12.0rc3,<3.13.0a0
  - python >=3.12.0rc3,<3.13.0a0 *_cpython
  - python_abi 3.12.* *_cp312
  - yaml >=0.2.5,<0.3.0a0
  license: MIT
  license_family: MIT
  size: 182705
  timestamp: 1695373895409
- kind: conda
  name: pyyaml
  version: 6.0.1
  build: py312hdd3e373_1
  build_number: 1
  subdir: linux-aarch64
  url: https://conda.anaconda.org/conda-forge/linux-aarch64/pyyaml-6.0.1-py312hdd3e373_1.conda
  sha256: fa340199dd5e6f9a27af535066caa9a95ee66f3f75d8f3a8966e2541d48f052a
  md5: 6955fe2d94dfdeda4690876d01437af1
  depends:
  - libgcc-ng >=12
  - python >=3.12.0rc3,<3.13.0a0
  - python >=3.12.0rc3,<3.13.0a0 *_cpython
  - python_abi 3.12.* *_cp312
  - yaml >=0.2.5,<0.3.0a0
  license: MIT
  license_family: MIT
  size: 186843
  timestamp: 1695373817252
- kind: conda
  name: readline
  version: '8.2'
  build: h8fc344f_1
  build_number: 1
  subdir: linux-aarch64
  url: https://conda.anaconda.org/conda-forge/linux-aarch64/readline-8.2-h8fc344f_1.conda
  sha256: 4c99f7417419734e3797d45bc355e61c26520e111893b0d7087a01a7fbfbe3dd
  md5: 105eb1e16bf83bfb2eb380a48032b655
  depends:
  - libgcc-ng >=12
  - ncurses >=6.3,<7.0a0
  license: GPL-3.0-only
  license_family: GPL
  size: 294092
  timestamp: 1679532238805
- kind: conda
  name: readline
  version: '8.2'
  build: h92ec313_1
  build_number: 1
  subdir: osx-arm64
  url: https://conda.anaconda.org/conda-forge/osx-arm64/readline-8.2-h92ec313_1.conda
  sha256: a1dfa679ac3f6007362386576a704ad2d0d7a02e98f5d0b115f207a2da63e884
  md5: 8cbb776a2f641b943d413b3e19df71f4
  depends:
  - ncurses >=6.3,<7.0a0
  license: GPL-3.0-only
  license_family: GPL
  size: 250351
  timestamp: 1679532511311
- kind: conda
  name: six
  version: 1.16.0
  build: pyh6c4a22f_0
  subdir: noarch
  noarch: python
  url: https://conda.anaconda.org/conda-forge/noarch/six-1.16.0-pyh6c4a22f_0.tar.bz2
  sha256: a85c38227b446f42c5b90d9b642f2c0567880c15d72492d8da074a59c8f91dd6
  md5: e5f25f8dbc060e9a8d912e432202afc2
  depends:
  - python
  license: MIT
  license_family: MIT
  size: 14259
  timestamp: 1620240338595
- kind: conda
  name: sqlalchemy
  version: 2.0.31
  build: py312h5adff4d_0
  subdir: linux-aarch64
  url: https://conda.anaconda.org/conda-forge/linux-aarch64/sqlalchemy-2.0.31-py312h5adff4d_0.conda
  sha256: 0432c78f27ee8deb8fd52c6985f4d7982cec12e5086fd5bf9a9db60a6df855fd
  md5: 36664cf239a00b5d6b29867e07d45910
  depends:
  - greenlet !=0.4.17
  - libgcc-ng >=12
  - python >=3.12,<3.13.0a0
  - python_abi 3.12.* *_cp312
  - typing-extensions >=4.6.0
  license: MIT
  license_family: MIT
  size: 3505105
  timestamp: 1718782847403
- kind: conda
  name: sqlalchemy
  version: 2.0.31
  build: py312h7e5086c_0
  subdir: osx-arm64
  url: https://conda.anaconda.org/conda-forge/osx-arm64/sqlalchemy-2.0.31-py312h7e5086c_0.conda
  sha256: 519d3da40f13f8b7f602ecd8f2f85e9d2271f4f57c95276011a31318d37a4e44
  md5: acaa288b3fe2f9ab799c8b9ec6e32979
  depends:
  - __osx >=11.0
  - greenlet !=0.4.17
  - python >=3.12,<3.13.0a0
  - python >=3.12,<3.13.0a0 *_cpython
  - python_abi 3.12.* *_cp312
  - typing-extensions >=4.6.0
  license: MIT
  license_family: MIT
  size: 3459336
  timestamp: 1718781480950
- kind: conda
  name: tk
  version: 8.6.13
  build: h194ca79_0
  subdir: linux-aarch64
  url: https://conda.anaconda.org/conda-forge/linux-aarch64/tk-8.6.13-h194ca79_0.conda
  sha256: 7fa27cc512d3a783f38bd16bbbffc008807372499d5b65d089a8e43bde9db267
  md5: f75105e0585851f818e0009dd1dde4dc
  depends:
  - libgcc-ng >=12
  - libzlib >=1.2.13,<2.0.0a0
  license: TCL
  license_family: BSD
  size: 3351802
  timestamp: 1695506242997
- kind: conda
  name: tk
  version: 8.6.13
  build: h5083fa2_1
  build_number: 1
  subdir: osx-arm64
  url: https://conda.anaconda.org/conda-forge/osx-arm64/tk-8.6.13-h5083fa2_1.conda
  sha256: 72457ad031b4c048e5891f3f6cb27a53cb479db68a52d965f796910e71a403a8
  md5: b50a57ba89c32b62428b71a875291c9b
  depends:
  - libzlib >=1.2.13,<2.0.0a0
  license: TCL
  license_family: BSD
  size: 3145523
  timestamp: 1699202432999
- kind: conda
  name: typing-extensions
  version: 4.12.2
  build: hd8ed1ab_0
  subdir: noarch
  noarch: python
  url: https://conda.anaconda.org/conda-forge/noarch/typing-extensions-4.12.2-hd8ed1ab_0.conda
  sha256: d3b9a8ed6da7c9f9553c5fd8a4fca9c3e0ab712fa5f497859f82337d67533b73
  md5: 52d648bd608f5737b123f510bb5514b5
  depends:
  - typing_extensions 4.12.2 pyha770c72_0
  license: PSF-2.0
  license_family: PSF
  size: 10097
  timestamp: 1717802659025
- kind: conda
  name: typing_extensions
  version: 4.12.2
  build: pyha770c72_0
  subdir: noarch
  noarch: python
  url: https://conda.anaconda.org/conda-forge/noarch/typing_extensions-4.12.2-pyha770c72_0.conda
  sha256: 0fce54f8ec3e59f5ef3bb7641863be4e1bf1279623e5af3d3fa726e8f7628ddb
  md5: ebe6952715e1d5eb567eeebf25250fa7
  depends:
  - python >=3.8
  license: PSF-2.0
  license_family: PSF
  size: 39888
  timestamp: 1717802653893
- kind: conda
  name: tzdata
  version: 2024a
  build: h0c530f3_0
  subdir: noarch
  noarch: generic
  url: https://conda.anaconda.org/conda-forge/noarch/tzdata-2024a-h0c530f3_0.conda
  sha256: 7b2b69c54ec62a243eb6fba2391b5e443421608c3ae5dbff938ad33ca8db5122
  md5: 161081fc7cec0bfda0d86d7cb595f8d8
  license: LicenseRef-Public-Domain
  size: 119815
  timestamp: 1706886945727
- kind: conda
  name: waitress
  version: 3.0.0
  build: pyhd8ed1ab_0
  subdir: noarch
  noarch: python
  url: https://conda.anaconda.org/conda-forge/noarch/waitress-3.0.0-pyhd8ed1ab_0.conda
  sha256: 6a8bacc13a940d1d497ae00530b6ffadc088ebae10c7124b836fbbb46ad776bf
  md5: 9e60e68a99750b5134128a7d875d0fd1
  depends:
  - python >=3.6
  license: ZPL-2.0
  license_family: OTHER
  size: 50539
  timestamp: 1707094778507
- kind: conda
  name: werkzeug
  version: 3.0.3
  build: pyhd8ed1ab_0
  subdir: noarch
  noarch: python
  url: https://conda.anaconda.org/conda-forge/noarch/werkzeug-3.0.3-pyhd8ed1ab_0.conda
  sha256: a77d0c67096999c35854e0480e3b978ef72ee008e295e92b0dc67116b2398661
  md5: 2e60f5f388845027ee87fca6bee4ac23
  depends:
  - markupsafe >=2.1.1
  - python >=3.8
  license: BSD-3-Clause
  license_family: BSD
  size: 242920
  timestamp: 1715000337645
- kind: conda
  name: xz
  version: 5.2.6
  build: h57fd34a_0
  subdir: osx-arm64
  url: https://conda.anaconda.org/conda-forge/osx-arm64/xz-5.2.6-h57fd34a_0.tar.bz2
  sha256: 59d78af0c3e071021cfe82dc40134c19dab8cdf804324b62940f5c8cd71803ec
  md5: 39c6b54e94014701dd157f4f576ed211
  license: LGPL-2.1 and GPL-2.0
  size: 235693
  timestamp: 1660346961024
- kind: conda
  name: xz
  version: 5.2.6
  build: h9cdd2b7_0
  subdir: linux-aarch64
  url: https://conda.anaconda.org/conda-forge/linux-aarch64/xz-5.2.6-h9cdd2b7_0.tar.bz2
  sha256: 93f58a7b393adf41fa007ac8c55978765e957e90cd31877ece1e5a343cb98220
  md5: 83baad393a31d59c20b63ba4da6592df
  depends:
  - libgcc-ng >=12
  license: LGPL-2.1 and GPL-2.0
  size: 440555
  timestamp: 1660348056328
- kind: conda
  name: yaml
  version: 0.2.5
  build: h3422bc3_2
  build_number: 2
  subdir: osx-arm64
  url: https://conda.anaconda.org/conda-forge/osx-arm64/yaml-0.2.5-h3422bc3_2.tar.bz2
  sha256: 93181a04ba8cfecfdfb162fc958436d868cc37db504c58078eab4c1a3e57fbb7
  md5: 4bb3f014845110883a3c5ee811fd84b4
  license: MIT
  license_family: MIT
  size: 88016
  timestamp: 1641347076660
- kind: conda
  name: yaml
  version: 0.2.5
  build: hf897c2e_2
  build_number: 2
  subdir: linux-aarch64
  url: https://conda.anaconda.org/conda-forge/linux-aarch64/yaml-0.2.5-hf897c2e_2.tar.bz2
  sha256: 8bc601d6dbe249eba44b3c456765265cd8f42ef1e778f8df9b0c9c88b8558d7e
  md5: b853307650cb226731f653aa623936a4
  depends:
  - libgcc-ng >=9.4.0
  license: MIT
  license_family: MIT
  size: 92927
  timestamp: 1641347626613
- kind: conda
  name: zipp
  version: 3.19.2
  build: pyhd8ed1ab_0
  subdir: noarch
  noarch: python
  url: https://conda.anaconda.org/conda-forge/noarch/zipp-3.19.2-pyhd8ed1ab_0.conda
  sha256: e3e9c8501f581bfdc4700b83ea283395e237ec6b9b5cbfbedb556e1da6f4fdc9
  md5: 49808e59df5535116f6878b2a820d6f4
  depends:
  - python >=3.8
  license: MIT
  license_family: MIT
  size: 20917
  timestamp: 1718013395428
